<?xml version="1.0" encoding="utf-8"?>
<Project ToolsVersion="4.0" xmlns="http://schemas.microsoft.com/developer/msbuild/2003">
  <ItemGroup>
    <Filter Include="KamataEngine">
      <UniqueIdentifier>{4FC737F1-C7A5-4376-A066-2A32D752A2FF}</UniqueIdentifier>
      <Extensions>cpp;c;cc;cxx;c++;cppm;ixx;def;odl;idl;hpj;bat;asm;asmx</Extensions>
    </Filter>
    <Filter Include="KamataEngine\Source">
      <UniqueIdentifier>{d966e9f8-e880-44ae-8586-a08515e4cffc}</UniqueIdentifier>
    </Filter>
    <Filter Include="KamataEngine\Include">
      <UniqueIdentifier>{4aae4e40-94f7-4d32-9a91-c0c37a2edf0d}</UniqueIdentifier>
    </Filter>
    <Filter Include="KamataEngine\Adapter">
      <UniqueIdentifier>{c6468eb4-788b-4a83-b207-a5f4804e56c5}</UniqueIdentifier>
    </Filter>
    <Filter Include="include">
      <UniqueIdentifier>{48e38d90-6ce3-4f8d-a117-ba4916bb9f44}</UniqueIdentifier>
    </Filter>
    <Filter Include="src">
      <UniqueIdentifier>{0b42e0f8-4058-4b17-b199-9fb98ccaa02a}</UniqueIdentifier>
    </Filter>
    <Filter Include="include\Asset">
      <UniqueIdentifier>{8b3086bf-46a6-47cc-9a8a-97b7e3c0e651}</UniqueIdentifier>
    </Filter>
    <Filter Include="include\Component">
      <UniqueIdentifier>{c60d9d75-b0cd-4f2b-9359-211afe32db44}</UniqueIdentifier>
    </Filter>
    <Filter Include="include\Core">
      <UniqueIdentifier>{afa14691-1e57-42a0-947a-28cfd678d3bb}</UniqueIdentifier>
    </Filter>
    <Filter Include="include\Entity">
      <UniqueIdentifier>{f9b0f9ab-339a-4cb5-9fa1-6e5c12be3e5f}</UniqueIdentifier>
    </Filter>
    <Filter Include="include\Game">
      <UniqueIdentifier>{059e3ce1-c3e2-4037-82f1-9a445e53239c}</UniqueIdentifier>
    </Filter>
    <Filter Include="src\Asset">
      <UniqueIdentifier>{8b8a015a-ead8-453b-a5bf-09da1ec61f5d}</UniqueIdentifier>
    </Filter>
    <Filter Include="src\Game">
      <UniqueIdentifier>{46604171-62f3-480a-8966-a76e9995eb32}</UniqueIdentifier>
    </Filter>
    <Filter Include="src\Core">
      <UniqueIdentifier>{1f653de4-b493-426f-be2a-1b9e5288a525}</UniqueIdentifier>
    </Filter>
    <Filter Include="include\Input">
      <UniqueIdentifier>{a8b1ed17-b654-4012-890e-e74d7a8e44fe}</UniqueIdentifier>
    </Filter>
    <Filter Include="src\Input">
      <UniqueIdentifier>{50b7fb1b-4f80-4ccf-8053-0ba79639cb02}</UniqueIdentifier>
    </Filter>
    <Filter Include="include\Asset\Data">
      <UniqueIdentifier>{324b0d19-f6d6-4ea1-88d0-f49400598b71}</UniqueIdentifier>
    </Filter>
    <Filter Include="include\Asset\Loader">
      <UniqueIdentifier>{519cd982-693c-4346-b65b-ff97e7ffdfe6}</UniqueIdentifier>
    </Filter>
    <Filter Include="include\Asset\Audio">
      <UniqueIdentifier>{64afa6a3-6a5e-4a11-b5e9-fe762d13dda4}</UniqueIdentifier>
    </Filter>
    <Filter Include="include\Asset\Graphics">
      <UniqueIdentifier>{764e964f-e597-4e1a-9224-cc4c7ea5d3d3}</UniqueIdentifier>
    </Filter>
  </ItemGroup>
  <ItemGroup>
    <ClCompile Include="main.cpp" />
    <ClCompile Include="%KAMATA_ENGINE%\Adapter\Novice.cpp">
      <Filter>KamataEngine\Adapter</Filter>
    </ClCompile>
  </ItemGroup>
  <ItemGroup>
    <ClInclude Include="%KAMATA_ENGINE%\DirectXGame\audio\Audio.h">
      <Filter>KamataEngine\Include</Filter>
    </ClInclude>
    <ClInclude Include="%KAMATA_ENGINE%\DirectXGame\2d\DebugText.h">
      <Filter>KamataEngine\Include</Filter>
    </ClInclude>
    <ClInclude Include="%KAMATA_ENGINE%\DirectXGame\base\DirectXCommon.h">
      <Filter>KamataEngine\Include</Filter>
    </ClInclude>
    <ClInclude Include="%KAMATA_ENGINE%\DirectXGame\scene\GameScene.h">
      <Filter>KamataEngine\Include</Filter>
    </ClInclude>
    <ClInclude Include="%KAMATA_ENGINE%\DirectXGame\input\Input.h">
      <Filter>KamataEngine\Include</Filter>
    </ClInclude>
    <ClInclude Include="%KAMATA_ENGINE%\DirectXGame\3d\Model.h">
      <Filter>KamataEngine\Include</Filter>
    </ClInclude>
    <ClInclude Include="%KAMATA_ENGINE%\DirectXGame\base\SafeDelete.h">
      <Filter>KamataEngine\Include</Filter>
    </ClInclude>
    <ClInclude Include="%KAMATA_ENGINE%\DirectXGame\2d\Sprite.h">
      <Filter>KamataEngine\Include</Filter>
    </ClInclude>
    <ClInclude Include="%KAMATA_ENGINE%\DirectXGame\base\TextureManager.h">
      <Filter>KamataEngine\Include</Filter>
    </ClInclude>
    <ClInclude Include="%KAMATA_ENGINE%\DirectXGame\base\WinApp.h">
      <Filter>KamataEngine\Include</Filter>
    </ClInclude>
    <ClInclude Include="%KAMATA_ENGINE%\DirectXGame\3d\WorldTransform.h">
      <Filter>KamataEngine\Include</Filter>
    </ClInclude>
    <ClInclude Include="%KAMATA_ENGINE%\Adapter\Novice.h">
      <Filter>KamataEngine\Adapter</Filter>
    </ClInclude>
    <ClInclude Include="%KAMATA_ENGINE%\DirectXGame\3d\CircleShadow.h">
      <Filter>KamataEngine\Include</Filter>
    </ClInclude>
    <ClInclude Include="%KAMATA_ENGINE%\DirectXGame\3d\DebugCamera.h">
      <Filter>KamataEngine\Include</Filter>
    </ClInclude>
    <ClInclude Include="%KAMATA_ENGINE%\DirectXGame\3d\DirectionalLight.h">
      <Filter>KamataEngine\Include</Filter>
    </ClInclude>
    <ClInclude Include="%KAMATA_ENGINE%\DirectXGame\3d\LightGroup.h">
      <Filter>KamataEngine\Include</Filter>
    </ClInclude>
    <ClInclude Include="%KAMATA_ENGINE%\DirectXGame\3d\Material.h">
      <Filter>KamataEngine\Include</Filter>
    </ClInclude>
    <ClInclude Include="%KAMATA_ENGINE%\DirectXGame\3d\Mesh.h">
      <Filter>KamataEngine\Include</Filter>
    </ClInclude>
    <ClInclude Include="%KAMATA_ENGINE%\DirectXGame\3d\PointLight.h">
      <Filter>KamataEngine\Include</Filter>
    </ClInclude>
    <ClInclude Include="%KAMATA_ENGINE%\DirectXGame\3d\SpotLight.h">
      <Filter>KamataEngine\Include</Filter>
    </ClInclude>
    <ClInclude Include="%KAMATA_ENGINE%\DirectXGame\base\StringUtility.h">
      <Filter>KamataEngine\Include</Filter>
    </ClInclude>
    <ClInclude Include="..\DirectXGame\3d\Camera.h">
      <Filter>KamataEngine\Include</Filter>
    </ClInclude>
    <ClInclude Include="%KAMATA_ENGINE%\DirectXGame\math\Matrix4x4.h">
      <Filter>KamataEngine\Include</Filter>
    </ClInclude>
    <ClInclude Include="%KAMATA_ENGINE%\DirectXGame\math\Vector2.h">
      <Filter>KamataEngine\Include</Filter>
    </ClInclude>
    <ClInclude Include="%KAMATA_ENGINE%\DirectXGame\math\Vector3.h">
      <Filter>KamataEngine\Include</Filter>
    </ClInclude>
    <ClInclude Include="%KAMATA_ENGINE%\DirectXGame\math\Vector4.h">
      <Filter>KamataEngine\Include</Filter>
    </ClInclude>
    <ClInclude Include="%KAMATA_ENGINE%\DirectXGame\2d\ImGuiManager.h">
      <Filter>KamataEngine\Include</Filter>
    </ClInclude>
    <ClInclude Include="include\Component\Button.hpp">
      <Filter>include\Component</Filter>
    </ClInclude>
    <ClInclude Include="include\Component\Image.hpp">
      <Filter>include\Component</Filter>
    </ClInclude>
    <ClInclude Include="include\Component\Text.hpp">
      <Filter>include\Component</Filter>
    </ClInclude>
    <ClInclude Include="include\Core\Math.hpp">
      <Filter>include\Core</Filter>
    </ClInclude>
    <ClInclude Include="include\Entity\Player.hpp">
      <Filter>include\Entity</Filter>
    </ClInclude>
    <ClInclude Include="include\Asset\AssetCatalog.hpp">
      <Filter>include\Asset</Filter>
    </ClInclude>
    <ClInclude Include="include\Asset\AssetsManager.hpp">
      <Filter>include\Asset</Filter>
    </ClInclude>
    <ClInclude Include="include\Asset\ResourceHandle.hpp">
      <Filter>include\Asset</Filter>
    </ClInclude>
    <ClInclude Include="include\Asset\Data\AnimationData.hpp">
      <Filter>include\Asset\Data</Filter>
    </ClInclude>
    <ClInclude Include="include\Asset\Data\TileSetData.hpp">
      <Filter>include\Asset\Data</Filter>
    </ClInclude>
    <ClInclude Include="include\Asset\Loader\IAssetLoader.hpp">
      <Filter>include\Asset\Loader</Filter>
    </ClInclude>
    <ClInclude Include="include\Asset\Loader\SoundLoader.hpp">
      <Filter>include\Asset\Loader</Filter>
    </ClInclude>
    <ClInclude Include="include\Asset\Loader\TextureLoader.hpp">
      <Filter>include\Asset\Loader</Filter>
    </ClInclude>
    <ClInclude Include="include\Asset\Loader\AnimationLoader.hpp">
      <Filter>include\Asset\Loader</Filter>
    </ClInclude>
    <ClInclude Include="include\Asset\Loader\MapLoader.hpp">
      <Filter>include\Asset\Loader</Filter>
    </ClInclude>
    <ClInclude Include="include\Asset\Loader\TileSetLoader.hpp">
      <Filter>include\Asset\Loader</Filter>
    </ClInclude>
    <ClInclude Include="include\Asset\Audio\Sound.hpp">
      <Filter>include\Asset\Audio</Filter>
    </ClInclude>
    <ClInclude Include="include\Asset\Graphics\Sprite.hpp">
      <Filter>include\Asset\Graphics</Filter>
    </ClInclude>
    <ClInclude Include="include\Asset\Graphics\Texture.hpp">
      <Filter>include\Asset\Graphics</Filter>
    </ClInclude>
  </ItemGroup>
</Project>