<?xml version="1.0" encoding="utf-8"?>
<Project ToolsVersion="4.0" xmlns="http://schemas.microsoft.com/developer/msbuild/2003">
  <ItemGroup>
    <Filter Include="KamataEngine">
      <UniqueIdentifier>{4FC737F1-C7A5-4376-A066-2A32D752A2FF}</UniqueIdentifier>
      <Extensions>cpp;c;cc;cxx;c++;cppm;ixx;def;odl;idl;hpj;bat;asm;asmx</Extensions>
    </Filter>
    <Filter Include="KamataEngine\Source">
      <UniqueIdentifier>{d966e9f8-e880-44ae-8586-a08515e4cffc}</UniqueIdentifier>
    </Filter>
    <Filter Include="KamataEngine\Include">
      <UniqueIdentifier>{4aae4e40-94f7-4d32-9a91-c0c37a2edf0d}</UniqueIdentifier>
    </Filter>
    <Filter Include="KamataEngine\Adapter">
      <UniqueIdentifier>{c6468eb4-788b-4a83-b207-a5f4804e56c5}</UniqueIdentifier>
    </Filter>
    <Filter Include="include">
      <UniqueIdentifier>{48e38d90-6ce3-4f8d-a117-ba4916bb9f44}</UniqueIdentifier>
    </Filter>
    <Filter Include="src">
      <UniqueIdentifier>{0b42e0f8-4058-4b17-b199-9fb98ccaa02a}</UniqueIdentifier>
    </Filter>
    <Filter Include="include\Component">
      <UniqueIdentifier>{c60d9d75-b0cd-4f2b-9359-211afe32db44}</UniqueIdentifier>
    </Filter>
    <Filter Include="include\Core">
      <UniqueIdentifier>{afa14691-1e57-42a0-947a-28cfd678d3bb}</UniqueIdentifier>
    </Filter>
    <Filter Include="include\Entity">
      <UniqueIdentifier>{f9b0f9ab-339a-4cb5-9fa1-6e5c12be3e5f}</UniqueIdentifier>
    </Filter>
    <Filter Include="include\Game">
      <UniqueIdentifier>{059e3ce1-c3e2-4037-82f1-9a445e53239c}</UniqueIdentifier>
    </Filter>
    <Filter Include="src\Game">
      <UniqueIdentifier>{46604171-62f3-480a-8966-a76e9995eb32}</UniqueIdentifier>
    </Filter>
    <Filter Include="src\Core">
      <UniqueIdentifier>{1f653de4-b493-426f-be2a-1b9e5288a525}</UniqueIdentifier>
    </Filter>
    <Filter Include="src\Entity">
      <UniqueIdentifier>{b05706cb-b7cf-4b6b-8316-ad02bcf7c1ed}</UniqueIdentifier>
    </Filter>
    <Filter Include="include\Utils">
      <UniqueIdentifier>{bd301868-3e5e-41dc-9ba6-cf238ca8f064}</UniqueIdentifier>
    </Filter>
    <Filter Include="include\Engine">
      <UniqueIdentifier>{c78148d6-c923-4e4e-b0c4-b6f7a5fab1aa}</UniqueIdentifier>
    </Filter>
    <Filter Include="include\Engine\Asset">
      <UniqueIdentifier>{8b3086bf-46a6-47cc-9a8a-97b7e3c0e651}</UniqueIdentifier>
    </Filter>
    <Filter Include="include\Engine\Asset\Data">
      <UniqueIdentifier>{324b0d19-f6d6-4ea1-88d0-f49400598b71}</UniqueIdentifier>
    </Filter>
    <Filter Include="include\Engine\Asset\Loader">
      <UniqueIdentifier>{519cd982-693c-4346-b65b-ff97e7ffdfe6}</UniqueIdentifier>
    </Filter>
    <Filter Include="include\Engine\Asset\Loader\Meta">
      <UniqueIdentifier>{b96d7980-03b1-4ec5-b69d-b9f765e4ac1c}</UniqueIdentifier>
    </Filter>
    <Filter Include="include\Engine\Asset\MetaData">
      <UniqueIdentifier>{cefced2c-6ac7-4ea7-9cc1-278b79abe77d}</UniqueIdentifier>
    </Filter>
    <Filter Include="include\Engine\Scene">
      <UniqueIdentifier>{811ce639-a233-4828-9958-30325bd3e949}</UniqueIdentifier>
    </Filter>
    <Filter Include="include\Game\Scenes">
      <UniqueIdentifier>{bc9ad910-e25d-4278-87fc-ca6f652856b4}</UniqueIdentifier>
    </Filter>
    <Filter Include="src\Engine">
      <UniqueIdentifier>{4f40e4c5-0038-439c-ab56-bb09f337f27d}</UniqueIdentifier>
    </Filter>
    <Filter Include="src\Engine\Asset">
      <UniqueIdentifier>{8b8a015a-ead8-453b-a5bf-09da1ec61f5d}</UniqueIdentifier>
    </Filter>
    <Filter Include="src\Engine\Asset\Loader">
      <UniqueIdentifier>{fdc57abb-5ed5-48eb-8670-66353763244e}</UniqueIdentifier>
    </Filter>
    <Filter Include="src\Engine\Asset\Loader\Meta">
      <UniqueIdentifier>{55d3fe0c-7860-49dd-9701-87d7840ce0ce}</UniqueIdentifier>
    </Filter>
    <Filter Include="src\Engine\Scene">
      <UniqueIdentifier>{518b94d1-e8c0-4c38-beba-06e1fec53ddf}</UniqueIdentifier>
    </Filter>
    <Filter Include="src\Game\Scenes">
      <UniqueIdentifier>{29ae08de-a0c3-4c53-9e96-b419d04f98e5}</UniqueIdentifier>
    </Filter>
    <Filter Include="include\Engine\Scene\MetaData">
      <UniqueIdentifier>{7d5eb4e4-6c5f-49a7-aac4-6260c36741d0}</UniqueIdentifier>
    </Filter>
    <Filter Include="include\Engine\System">
      <UniqueIdentifier>{236f439b-94bf-44ca-997b-e356dbcbcb51}</UniqueIdentifier>
    </Filter>
    <Filter Include="src\Engine\System">
      <UniqueIdentifier>{ddaf0396-ecd4-484e-b711-a2e2b0c3841f}</UniqueIdentifier>
    </Filter>
  </ItemGroup>
  <ItemGroup>
    <ClCompile Include="main.cpp" />
    <ClCompile Include="%KAMATA_ENGINE%\Adapter\Novice.cpp">
      <Filter>KamataEngine\Adapter</Filter>
    </ClCompile>
    <ClCompile Include="src\Core\EngineAPI.cpp">
      <Filter>src\Core</Filter>
    </ClCompile>
    <ClCompile Include="src\Core\Backend.cpp">
      <Filter>src\Core</Filter>
    </ClCompile>
    <ClCompile Include="src\Game\GameApp.cpp">
      <Filter>src\Game</Filter>
    </ClCompile>
    <ClCompile Include="src\Entity\Enemy.cpp">
      <Filter>src\Entity</Filter>
    </ClCompile>
    <ClCompile Include="src\Entity\Player.cpp">
      <Filter>src\Entity</Filter>
    </ClCompile>
    <ClCompile Include="src\Engine\Asset\Loader\Meta\SoundLoader.cpp">
      <Filter>src\Engine\Asset\Loader\Meta</Filter>
    </ClCompile>
    <ClCompile Include="src\Engine\Asset\Loader\Meta\TextureLoader.cpp">
      <Filter>src\Engine\Asset\Loader\Meta</Filter>
    </ClCompile>
    <ClCompile Include="src\Engine\Asset\AssetCatalog.cpp">
      <Filter>src\Engine\Asset</Filter>
    </ClCompile>
    <ClCompile Include="src\Engine\Asset\Loader\AnimationLoader.cpp">
      <Filter>src\Engine\Asset\Loader</Filter>
    </ClCompile>
    <ClCompile Include="src\Engine\Asset\Loader\TileSetLoader.cpp">
      <Filter>src\Engine\Asset\Loader</Filter>
    </ClCompile>
    <ClCompile Include="src\Engine\EngineCore.cpp">
      <Filter>src\Engine</Filter>
    </ClCompile>
    <ClCompile Include="src\Engine\Asset\AssetManager.cpp">
      <Filter>src\Engine\Asset</Filter>
    </ClCompile>
    <ClCompile Include="src\Engine\Asset\Loader\MapDataLoader.cpp">
      <Filter>src\Engine\Asset\Loader</Filter>
    </ClCompile>
    <ClCompile Include="src\Engine\Asset\Loader\SpriteLoader.cpp">
      <Filter>src\Engine\Asset\Loader</Filter>
    </ClCompile>
    <ClCompile Include="src\Engine\Scene\SceneManager.cpp">
      <Filter>src\Engine\Scene</Filter>
    </ClCompile>
    <ClCompile Include="src\Game\Scenes\MenuScene.cpp">
      <Filter>src\Game\Scenes</Filter>
    </ClCompile>
    <ClCompile Include="src\Game\Scenes\GameScene.cpp">
      <Filter>src\Game\Scenes</Filter>
    </ClCompile>
    <ClCompile Include="src\Game\Scenes\OverScene.cpp">
      <Filter>src\Game\Scenes</Filter>
    </ClCompile>
    <ClCompile Include="src\Engine\Scene\SceneFactory.cpp">
      <Filter>src\Engine\Scene</Filter>
    </ClCompile>
    <ClCompile Include="src\Engine\Scene\SceneRegistry.cpp">
      <Filter>src\Engine\Scene</Filter>
    </ClCompile>
    <ClCompile Include="src\Engine\Asset\Loader\LevelDataLoader.cpp">
      <Filter>src\Engine\Asset\Loader</Filter>
    </ClCompile>
    <ClCompile Include="src\Engine\System\ActorSystem.cpp">
      <Filter>src\Engine\System</Filter>
    </ClCompile>
    <ClCompile Include="src\Engine\System\GuiSystem.cpp">
      <Filter>src\Engine\System</Filter>
    </ClCompile>
    <ClCompile Include="src\Engine\System\InputSystem.cpp">
      <Filter>src\Engine\System</Filter>
    </ClCompile>
    <ClCompile Include="src\Engine\System\MapSystem.cpp">
      <Filter>src\Engine\System</Filter>
    </ClCompile>
    <ClCompile Include="src\Engine\System\MapRuntimeBuilder.cpp">
      <Filter>src\Engine\System</Filter>
    </ClCompile>
  </ItemGroup>
  <ItemGroup>
    <ClInclude Include="%KAMATA_ENGINE%\DirectXGame\audio\Audio.h">
      <Filter>KamataEngine\Include</Filter>
    </ClInclude>
    <ClInclude Include="%KAMATA_ENGINE%\DirectXGame\2d\DebugText.h">
      <Filter>KamataEngine\Include</Filter>
    </ClInclude>
    <ClInclude Include="%KAMATA_ENGINE%\DirectXGame\base\DirectXCommon.h">
      <Filter>KamataEngine\Include</Filter>
    </ClInclude>
    <ClInclude Include="%KAMATA_ENGINE%\DirectXGame\scene\GameScene.h">
      <Filter>KamataEngine\Include</Filter>
    </ClInclude>
    <ClInclude Include="%KAMATA_ENGINE%\DirectXGame\input\Input.h">
      <Filter>KamataEngine\Include</Filter>
    </ClInclude>
    <ClInclude Include="%KAMATA_ENGINE%\DirectXGame\3d\Model.h">
      <Filter>KamataEngine\Include</Filter>
    </ClInclude>
    <ClInclude Include="%KAMATA_ENGINE%\DirectXGame\base\SafeDelete.h">
      <Filter>KamataEngine\Include</Filter>
    </ClInclude>
    <ClInclude Include="%KAMATA_ENGINE%\DirectXGame\2d\Sprite.h">
      <Filter>KamataEngine\Include</Filter>
    </ClInclude>
    <ClInclude Include="%KAMATA_ENGINE%\DirectXGame\base\TextureManager.h">
      <Filter>KamataEngine\Include</Filter>
    </ClInclude>
    <ClInclude Include="%KAMATA_ENGINE%\DirectXGame\base\WinApp.h">
      <Filter>KamataEngine\Include</Filter>
    </ClInclude>
    <ClInclude Include="%KAMATA_ENGINE%\DirectXGame\3d\WorldTransform.h">
      <Filter>KamataEngine\Include</Filter>
    </ClInclude>
    <ClInclude Include="%KAMATA_ENGINE%\Adapter\Novice.h">
      <Filter>KamataEngine\Adapter</Filter>
    </ClInclude>
    <ClInclude Include="%KAMATA_ENGINE%\DirectXGame\3d\CircleShadow.h">
      <Filter>KamataEngine\Include</Filter>
    </ClInclude>
    <ClInclude Include="%KAMATA_ENGINE%\DirectXGame\3d\DebugCamera.h">
      <Filter>KamataEngine\Include</Filter>
    </ClInclude>
    <ClInclude Include="%KAMATA_ENGINE%\DirectXGame\3d\DirectionalLight.h">
      <Filter>KamataEngine\Include</Filter>
    </ClInclude>
    <ClInclude Include="%KAMATA_ENGINE%\DirectXGame\3d\LightGroup.h">
      <Filter>KamataEngine\Include</Filter>
    </ClInclude>
    <ClInclude Include="%KAMATA_ENGINE%\DirectXGame\3d\Material.h">
      <Filter>KamataEngine\Include</Filter>
    </ClInclude>
    <ClInclude Include="%KAMATA_ENGINE%\DirectXGame\3d\Mesh.h">
      <Filter>KamataEngine\Include</Filter>
    </ClInclude>
    <ClInclude Include="%KAMATA_ENGINE%\DirectXGame\3d\PointLight.h">
      <Filter>KamataEngine\Include</Filter>
    </ClInclude>
    <ClInclude Include="%KAMATA_ENGINE%\DirectXGame\3d\SpotLight.h">
      <Filter>KamataEngine\Include</Filter>
    </ClInclude>
    <ClInclude Include="%KAMATA_ENGINE%\DirectXGame\base\StringUtility.h">
      <Filter>KamataEngine\Include</Filter>
    </ClInclude>
    <ClInclude Include="..\DirectXGame\3d\Camera.h">
      <Filter>KamataEngine\Include</Filter>
    </ClInclude>
    <ClInclude Include="%KAMATA_ENGINE%\DirectXGame\math\Matrix4x4.h">
      <Filter>KamataEngine\Include</Filter>
    </ClInclude>
    <ClInclude Include="%KAMATA_ENGINE%\DirectXGame\math\Vector2.h">
      <Filter>KamataEngine\Include</Filter>
    </ClInclude>
    <ClInclude Include="%KAMATA_ENGINE%\DirectXGame\math\Vector3.h">
      <Filter>KamataEngine\Include</Filter>
    </ClInclude>
    <ClInclude Include="%KAMATA_ENGINE%\DirectXGame\math\Vector4.h">
      <Filter>KamataEngine\Include</Filter>
    </ClInclude>
    <ClInclude Include="%KAMATA_ENGINE%\DirectXGame\2d\ImGuiManager.h">
      <Filter>KamataEngine\Include</Filter>
    </ClInclude>
    <ClInclude Include="include\Component\Button.hpp">
      <Filter>include\Component</Filter>
    </ClInclude>
    <ClInclude Include="include\Component\Image.hpp">
      <Filter>include\Component</Filter>
    </ClInclude>
    <ClInclude Include="include\Component\Text.hpp">
      <Filter>include\Component</Filter>
    </ClInclude>
    <ClInclude Include="include\Core\Math.hpp">
      <Filter>include\Core</Filter>
    </ClInclude>
    <ClInclude Include="include\Core\EngineAPI.hpp">
      <Filter>include\Core</Filter>
    </ClInclude>
    <ClInclude Include="include\Core\Backend.hpp">
      <Filter>include\Core</Filter>
    </ClInclude>
    <ClInclude Include="include\Core\Config.hpp">
      <Filter>include\Core</Filter>
    </ClInclude>
    <ClInclude Include="include\Entity\Player.hpp">
      <Filter>include\Entity</Filter>
    </ClInclude>
    <ClInclude Include="include\Entity\Boss.hpp">
      <Filter>include\Entity</Filter>
    </ClInclude>
    <ClInclude Include="include\Engine\Asset\AssetCatalog.hpp">
      <Filter>include\Engine\Asset</Filter>
    </ClInclude>
    <ClInclude Include="include\Engine\Asset\AssetsManager.hpp">
      <Filter>include\Engine\Asset</Filter>
    </ClInclude>
    <ClInclude Include="include\Engine\Asset\ResourceHandle.hpp">
      <Filter>include\Engine\Asset</Filter>
    </ClInclude>
    <ClInclude Include="include\Engine\Asset\Data\AnimationData.hpp">
      <Filter>include\Engine\Asset\Data</Filter>
    </ClInclude>
    <ClInclude Include="include\Engine\Asset\Data\TileSetData.hpp">
      <Filter>include\Engine\Asset\Data</Filter>
    </ClInclude>
    <ClInclude Include="include\Engine\Asset\Loader\AnimationLoader.hpp">
      <Filter>include\Engine\Asset\Loader</Filter>
    </ClInclude>
    <ClInclude Include="include\Engine\Asset\Loader\TileSetLoader.hpp">
      <Filter>include\Engine\Asset\Loader</Filter>
    </ClInclude>
    <ClInclude Include="include\Engine\Asset\MetaData\Sound.hpp">
      <Filter>include\Engine\Asset\MetaData</Filter>
    </ClInclude>
    <ClInclude Include="include\Engine\Asset\MetaData\Texture.hpp">
      <Filter>include\Engine\Asset\MetaData</Filter>
    </ClInclude>
    <ClInclude Include="include\Engine\Asset\Loader\Meta\IAssetLoader.hpp">
      <Filter>include\Engine\Asset\Loader\Meta</Filter>
    </ClInclude>
    <ClInclude Include="include\Engine\Asset\Loader\Meta\SoundLoader.hpp">
      <Filter>include\Engine\Asset\Loader\Meta</Filter>
    </ClInclude>
    <ClInclude Include="include\Engine\Asset\Loader\Meta\TextureLoader.hpp">
      <Filter>include\Engine\Asset\Loader\Meta</Filter>
    </ClInclude>
    <ClInclude Include="include\Engine\EngineCore.hpp">
      <Filter>include\Engine</Filter>
    </ClInclude>
    <ClInclude Include="include\Utils\CSVParser.hpp">
      <Filter>include\Utils</Filter>
    </ClInclude>
    <ClInclude Include="include\Utils\JSONParser.hpp">
      <Filter>include\Utils</Filter>
    </ClInclude>
    <ClInclude Include="include\Engine\Asset\Data\SoundData.hpp">
      <Filter>include\Engine\Asset\Data</Filter>
    </ClInclude>
    <ClInclude Include="include\Game\GameApp.hpp">
      <Filter>include\Game</Filter>
    </ClInclude>
    <ClInclude Include="include\Entity\Enemy.hpp">
      <Filter>include\Entity</Filter>
    </ClInclude>
    <ClInclude Include="include\Engine\Asset\Loader\MapDataLoader.hpp">
      <Filter>include\Engine\Asset\Loader</Filter>
    </ClInclude>
    <ClInclude Include="include\Engine\Asset\Loader\SpriteLoader.hpp">
      <Filter>include\Engine\Asset\Loader</Filter>
    </ClInclude>
    <ClInclude Include="include\Engine\Asset\Data\Sprite.hpp">
      <Filter>include\Engine\Asset\Data</Filter>
    </ClInclude>
    <ClInclude Include="include\Engine\Asset\Data\MapData.hpp">
      <Filter>include\Engine\Asset\Data</Filter>
    </ClInclude>
    <ClInclude Include="include\Engine\Scene\IScene.hpp">
      <Filter>include\Engine\Scene</Filter>
    </ClInclude>
    <ClInclude Include="include\Engine\Scene\SceneManager.hpp">
      <Filter>include\Engine\Scene</Filter>
    </ClInclude>
    <ClInclude Include="include\Game\Scenes\MenuScene.hpp">
      <Filter>include\Game\Scenes</Filter>
    </ClInclude>
    <ClInclude Include="include\Game\Scenes\GameScene.hpp">
      <Filter>include\Game\Scenes</Filter>
    </ClInclude>
    <ClInclude Include="include\Game\Scenes\OverScene.hpp">
      <Filter>include\Game\Scenes</Filter>
    </ClInclude>
    <ClInclude Include="include\Engine\Scene\MetaData\SceneMeta.hpp">
      <Filter>include\Engine\Scene\MetaData</Filter>
    </ClInclude>
    <ClInclude Include="include\Engine\Asset\Data\LevelData.hpp">
      <Filter>include\Engine\Asset\Data</Filter>
    </ClInclude>
    <ClInclude Include="include\Engine\Asset\Loader\LevelDataLoader.hpp">
      <Filter>include\Engine\Asset\Loader</Filter>
    </ClInclude>
    <ClInclude Include="include\Engine\Scene\SceneFactory.hpp">
      <Filter>include\Engine\Scene</Filter>
    </ClInclude>
    <ClInclude Include="include\Engine\Scene\SceneRegistry.hpp">
      <Filter>include\Engine\Scene</Filter>
    </ClInclude>
    <ClInclude Include="include\Engine\Scene\SceneChangeContext.hpp">
      <Filter>include\Engine\Scene</Filter>
    </ClInclude>
    <ClInclude Include="include\Utils\CommonUtils.hpp">
      <Filter>include\Utils</Filter>
    </ClInclude>
    <ClInclude Include="include\Engine\System\ActorSystem.hpp">
      <Filter>include\Engine\System</Filter>
    </ClInclude>
    <ClInclude Include="include\Engine\System\GuiSystem.hpp">
      <Filter>include\Engine\System</Filter>
    </ClInclude>
    <ClInclude Include="include\Engine\System\InputSystem.hpp">
      <Filter>include\Engine\System</Filter>
    </ClInclude>
    <ClInclude Include="include\Engine\System\MapSystem.hpp">
      <Filter>include\Engine\System</Filter>
    </ClInclude>
    <ClInclude Include="include\Engine\System\Camera.hpp">
      <Filter>include\Engine\System</Filter>
    </ClInclude>
    <ClInclude Include="include\Engine\System\GameSession.hpp" />
    <ClInclude Include="include\Engine\System\MapRuntimeData.hpp">
      <Filter>include\Engine\System</Filter>
    </ClInclude>
    <ClInclude Include="include\Engine\System\MapRuntimeBuilder.hpp">
      <Filter>include\Engine\System</Filter>
    </ClInclude>
    <ClInclude Include="include\Engine\System\TriggerPool.hpp">
      <Filter>include\Engine\System</Filter>
    </ClInclude>
  </ItemGroup>
</Project>